
Microsoft Visual Studio Solution File, Format Version 12.00
# Visual Studio Version 17
VisualStudioVersion = 17.6.33723.286
MinimumVisualStudioVersion = 10.0.40219.1
Project("{FAE04EC0-301F-11D3-BF4B-00C04F79EFBC}") = "FunctionApp1", "FunctionApp1.csproj", "{8969B066-FD3A-44B2-9A22-19E2B8C41326}"
EndProject
Global
	GlobalSection(SolutionConfigurationPlatforms) = preSolution
		Debug|Any CPU = Debug|Any CPU
		Release|Any CPU = Release|Any CPU
	EndGlobalSection
	GlobalSection(ProjectConfigurationPlatforms) = postSolution
		{8969B066-FD3A-44B2-9A22-19E2B8C41326}.Debug|Any CPU.ActiveCfg = Debug|Any CPU
		{8969B066-FD3A-44B2-9A22-19E2B8C41326}.Debug|Any CPU.Build.0 = Debug|Any CPU
		{8969B066-FD3A-44B2-9A22-19E2B8C41326}.Release|Any CPU.ActiveCfg = Release|Any CPU
		{8969B066-FD3A-44B2-9A22-19E2B8C41326}.Release|Any CPU.Build.0 = Release|Any CPU
	EndGlobalSection
	GlobalSection(SolutionProperties) = preSolution
		HideSolutionNode = FALSE
	EndGlobalSection
	GlobalSection(ExtensibilityGlobals) = postSolution
		SolutionGuid = {7DBD0300-8A13-4810-8DFB-98A22D9EB8BA}
	EndGlobalSection
EndGlobal
